
Microsoft Visual Studio Solution File, Format Version 12.00
# Visual Studio Version 17
VisualStudioVersion = 17.1.32319.34
MinimumVisualStudioVersion = 10.0.40219.1
Project("{FAE04EC0-301F-11D3-BF4B-00C04F79EFBC}") = "Beecrowd_1008", "Beecrowd_1008\Beecrowd_1008.csproj", "{359D25E4-B112-40ED-867B-B15528737C0E}"
EndProject
Global
	GlobalSection(SolutionConfigurationPlatforms) = preSolution
		Debug|Any CPU = Debug|Any CPU
		Release|Any CPU = Release|Any CPU
	EndGlobalSection
	GlobalSection(ProjectConfigurationPlatforms) = postSolution
		{359D25E4-B112-40ED-867B-B15528737C0E}.Debug|Any CPU.ActiveCfg = Debug|Any CPU
		{359D25E4-B112-40ED-867B-B15528737C0E}.Debug|Any CPU.Build.0 = Debug|Any CPU
		{359D25E4-B112-40ED-867B-B15528737C0E}.Release|Any CPU.ActiveCfg = Release|Any CPU
		{359D25E4-B112-40ED-867B-B15528737C0E}.Release|Any CPU.Build.0 = Release|Any CPU
	EndGlobalSection
	GlobalSection(SolutionProperties) = preSolution
		HideSolutionNode = FALSE
	EndGlobalSection
	GlobalSection(ExtensibilityGlobals) = postSolution
		SolutionGuid = {A8800503-3B33-430E-AD7F-19C0EF3B86F9}
	EndGlobalSection
EndGlobal
