
Microsoft Visual Studio Solution File, Format Version 12.00
# Visual Studio Version 17
VisualStudioVersion = 17.2.32505.173
MinimumVisualStudioVersion = 10.0.40219.1
Project("{FAE04EC0-301F-11D3-BF4B-00C04F79EFBC}") = "Beecrowd_1013", "Beecrowd_1013.csproj", "{A8EFA94F-3E99-4A5D-9A2A-9899CD10D9E3}"
EndProject
Global
	GlobalSection(SolutionConfigurationPlatforms) = preSolution
		Debug|Any CPU = Debug|Any CPU
		Release|Any CPU = Release|Any CPU
	EndGlobalSection
	GlobalSection(ProjectConfigurationPlatforms) = postSolution
		{A8EFA94F-3E99-4A5D-9A2A-9899CD10D9E3}.Debug|Any CPU.ActiveCfg = Debug|Any CPU
		{A8EFA94F-3E99-4A5D-9A2A-9899CD10D9E3}.Debug|Any CPU.Build.0 = Debug|Any CPU
		{A8EFA94F-3E99-4A5D-9A2A-9899CD10D9E3}.Release|Any CPU.ActiveCfg = Release|Any CPU
		{A8EFA94F-3E99-4A5D-9A2A-9899CD10D9E3}.Release|Any CPU.Build.0 = Release|Any CPU
	EndGlobalSection
	GlobalSection(SolutionProperties) = preSolution
		HideSolutionNode = FALSE
	EndGlobalSection
	GlobalSection(ExtensibilityGlobals) = postSolution
		SolutionGuid = {B7958901-AD7F-4CC2-A3A3-060551EA422F}
	EndGlobalSection
EndGlobal
