
Microsoft Visual Studio Solution File, Format Version 12.00
# Visual Studio Version 17
VisualStudioVersion = 17.1.32407.343
MinimumVisualStudioVersion = 10.0.40219.1
Project("{FAE04EC0-301F-11D3-BF4B-00C04F79EFBC}") = "Beecrowd 1011", "Beecrowd 1011\Beecrowd 1011.csproj", "{9CA92927-A997-42D0-92C6-9E88AB2EC202}"
EndProject
Global
	GlobalSection(SolutionConfigurationPlatforms) = preSolution
		Debug|Any CPU = Debug|Any CPU
		Release|Any CPU = Release|Any CPU
	EndGlobalSection
	GlobalSection(ProjectConfigurationPlatforms) = postSolution
		{9CA92927-A997-42D0-92C6-9E88AB2EC202}.Debug|Any CPU.ActiveCfg = Debug|Any CPU
		{9CA92927-A997-42D0-92C6-9E88AB2EC202}.Debug|Any CPU.Build.0 = Debug|Any CPU
		{9CA92927-A997-42D0-92C6-9E88AB2EC202}.Release|Any CPU.ActiveCfg = Release|Any CPU
		{9CA92927-A997-42D0-92C6-9E88AB2EC202}.Release|Any CPU.Build.0 = Release|Any CPU
	EndGlobalSection
	GlobalSection(SolutionProperties) = preSolution
		HideSolutionNode = FALSE
	EndGlobalSection
	GlobalSection(ExtensibilityGlobals) = postSolution
		SolutionGuid = {FBE36E1E-2621-422C-B07A-35406D43435F}
	EndGlobalSection
EndGlobal
